// !$*UTF8*$!
{
	archiveVersion = 1;
	classes = {
	};
	objectVersion = 56;
	objects = {

/* Begin PBXBuildFile section */
		262388CF2A45FD0700BA3298 /* TabBarView.swift in Sources */ = {isa = PBXBuildFile; fileRef = 262388CE2A45FD0700BA3298 /* TabBarView.swift */; };
		262388D12A45FDBD00BA3298 /* HomeView.swift in Sources */ = {isa = PBXBuildFile; fileRef = 262388D02A45FDBD00BA3298 /* HomeView.swift */; };
		262976CD2A47232C007E2595 /* ExpensesView.swift in Sources */ = {isa = PBXBuildFile; fileRef = 262976CC2A47232C007E2595 /* ExpensesView.swift */; };
		262976CF2A47233B007E2595 /* ReportView.swift in Sources */ = {isa = PBXBuildFile; fileRef = 262976CE2A47233B007E2595 /* ReportView.swift */; };
		262976D22A47284A007E2595 /* TopBarItem.swift in Sources */ = {isa = PBXBuildFile; fileRef = 262976D12A47284A007E2595 /* TopBarItem.swift */; };
		262976D52A4729AD007E2595 /* TopBarSymbol.swift in Sources */ = {isa = PBXBuildFile; fileRef = 262976D42A4729AD007E2595 /* TopBarSymbol.swift */; };
		262976D72A472C84007E2595 /* DatePickerView.swift in Sources */ = {isa = PBXBuildFile; fileRef = 262976D62A472C84007E2595 /* DatePickerView.swift */; };
		26500E6A2A47103C004B8FF4 /* TopBarView.swift in Sources */ = {isa = PBXBuildFile; fileRef = 26500E692A47103C004B8FF4 /* TopBarView.swift */; };
		26A72D0A2A459C35008AC025 /* CameraService.swift in Sources */ = {isa = PBXBuildFile; fileRef = 26A72D092A459C35008AC025 /* CameraService.swift */; };
		26A72D0C2A459C91008AC025 /* CameraView.swift in Sources */ = {isa = PBXBuildFile; fileRef = 26A72D0B2A459C91008AC025 /* CameraView.swift */; };
		26A72D0E2A459D18008AC025 /* AddMomentView.swift in Sources */ = {isa = PBXBuildFile; fileRef = 26A72D0D2A459D18008AC025 /* AddMomentView.swift */; };
		26A72D102A459D23008AC025 /* AddMomentRenameView.swift in Sources */ = {isa = PBXBuildFile; fileRef = 26A72D0F2A459D23008AC025 /* AddMomentRenameView.swift */; };
		D70475982A46D6FA00BAC7F1 /* PageNavigationEnum.swift in Sources */ = {isa = PBXBuildFile; fileRef = D70475972A46D6FA00BAC7F1 /* PageNavigationEnum.swift */; };
		D704759D2A46D9C100BAC7F1 /* TabBarPlusButton.swift in Sources */ = {isa = PBXBuildFile; fileRef = D704759C2A46D9C100BAC7F1 /* TabBarPlusButton.swift */; };
		D704759F2A46DAE400BAC7F1 /* TabBarItem.swift in Sources */ = {isa = PBXBuildFile; fileRef = D704759E2A46DAE400BAC7F1 /* TabBarItem.swift */; };
		D70475A42A46ED9400BAC7F1 /* CoreDataModel.xcdatamodeld in Sources */ = {isa = PBXBuildFile; fileRef = D70475A22A46ED9400BAC7F1 /* CoreDataModel.xcdatamodeld */; };
		D70475A72A46EF2B00BAC7F1 /* DateFormatter.swift in Sources */ = {isa = PBXBuildFile; fileRef = D70475A62A46EF2B00BAC7F1 /* DateFormatter.swift */; };
		D746790C2A442F0B009C712B /* MC2_United_HandsApp.swift in Sources */ = {isa = PBXBuildFile; fileRef = D746790B2A442F0B009C712B /* MC2_United_HandsApp.swift */; };
		D746790E2A442F0B009C712B /* ContentView.swift in Sources */ = {isa = PBXBuildFile; fileRef = D746790D2A442F0B009C712B /* ContentView.swift */; };
		D74679102A442F0B009C712B /* Assets.xcassets in Resources */ = {isa = PBXBuildFile; fileRef = D746790F2A442F0B009C712B /* Assets.xcassets */; };
		D74679132A442F0B009C712B /* Preview Assets.xcassets in Resources */ = {isa = PBXBuildFile; fileRef = D74679122A442F0B009C712B /* Preview Assets.xcassets */; };
		D746791D2A442F0C009C712B /* MC2_United_HandsTests.swift in Sources */ = {isa = PBXBuildFile; fileRef = D746791C2A442F0C009C712B /* MC2_United_HandsTests.swift */; };
		D74679272A442F0C009C712B /* MC2_United_HandsUITests.swift in Sources */ = {isa = PBXBuildFile; fileRef = D74679262A442F0C009C712B /* MC2_United_HandsUITests.swift */; };
		D74679292A442F0C009C712B /* MC2_United_HandsUITestsLaunchTests.swift in Sources */ = {isa = PBXBuildFile; fileRef = D74679282A442F0C009C712B /* MC2_United_HandsUITestsLaunchTests.swift */; };
		D746793E2A443895009C712B /* ExpenseCard.swift in Sources */ = {isa = PBXBuildFile; fileRef = D746793D2A443895009C712B /* ExpenseCard.swift */; };
		D74679412A4438E6009C712B /* RoundedImage.swift in Sources */ = {isa = PBXBuildFile; fileRef = D74679402A4438E6009C712B /* RoundedImage.swift */; };
		D74679432A444161009C712B /* CategoryLabel.swift in Sources */ = {isa = PBXBuildFile; fileRef = D74679422A444161009C712B /* CategoryLabel.swift */; };
		D74679452A444AB7009C712B /* FormView.swift in Sources */ = {isa = PBXBuildFile; fileRef = D74679442A444AB7009C712B /* FormView.swift */; };
		D74679472A444ACD009C712B /* FormField.swift in Sources */ = {isa = PBXBuildFile; fileRef = D74679462A444ACD009C712B /* FormField.swift */; };
		D746794A2A444BC6009C712B /* FieldTypeEnum + FieldView.swift in Sources */ = {isa = PBXBuildFile; fileRef = D74679492A444BC6009C712B /* FieldTypeEnum + FieldView.swift */; };
		D746794D2A447C03009C712B /* CustomTextFiledModifier.swift in Sources */ = {isa = PBXBuildFile; fileRef = D746794C2A447C03009C712B /* CustomTextFiledModifier.swift */; };
		D746794F2A449734009C712B /* ExpenseCategoryEnum.swift in Sources */ = {isa = PBXBuildFile; fileRef = D746794E2A449734009C712B /* ExpenseCategoryEnum.swift */; };
		D74679512A449964009C712B /* ExpenseCategoryPicker.swift in Sources */ = {isa = PBXBuildFile; fileRef = D74679502A449964009C712B /* ExpenseCategoryPicker.swift */; };
		D74679532A44AC74009C712B /* FormDoneButton.swift in Sources */ = {isa = PBXBuildFile; fileRef = D74679522A44AC73009C712B /* FormDoneButton.swift */; };
		D74679562A44B035009C712B /* ColorExtension.swift in Sources */ = {isa = PBXBuildFile; fileRef = D74679552A44B035009C712B /* ColorExtension.swift */; };
		D74679B12A44C139009C712B /* StringConstants.swift in Sources */ = {isa = PBXBuildFile; fileRef = D74679B02A44C139009C712B /* StringConstants.swift */; };
		D74679B52A44C15D009C712B /* ExpenseDataModel.swift in Sources */ = {isa = PBXBuildFile; fileRef = D74679B42A44C15D009C712B /* ExpenseDataModel.swift */; };
		D74679B72A44C16C009C712B /* CoreDataManager.swift in Sources */ = {isa = PBXBuildFile; fileRef = D74679B62A44C16C009C712B /* CoreDataManager.swift */; };
/* End PBXBuildFile section */

/* Begin PBXContainerItemProxy section */
		D74679192A442F0C009C712B /* PBXContainerItemProxy */ = {
			isa = PBXContainerItemProxy;
			containerPortal = D74679002A442F0B009C712B /* Project object */;
			proxyType = 1;
			remoteGlobalIDString = D74679072A442F0B009C712B;
			remoteInfo = "MC2-United-Hands";
		};
		D74679232A442F0C009C712B /* PBXContainerItemProxy */ = {
			isa = PBXContainerItemProxy;
			containerPortal = D74679002A442F0B009C712B /* Project object */;
			proxyType = 1;
			remoteGlobalIDString = D74679072A442F0B009C712B;
			remoteInfo = "MC2-United-Hands";
		};
/* End PBXContainerItemProxy section */

/* Begin PBXFileReference section */
		262388CE2A45FD0700BA3298 /* TabBarView.swift */ = {isa = PBXFileReference; lastKnownFileType = sourcecode.swift; path = TabBarView.swift; sourceTree = "<group>"; };
		262388D02A45FDBD00BA3298 /* HomeView.swift */ = {isa = PBXFileReference; lastKnownFileType = sourcecode.swift; path = HomeView.swift; sourceTree = "<group>"; };
		262976CC2A47232C007E2595 /* ExpensesView.swift */ = {isa = PBXFileReference; lastKnownFileType = sourcecode.swift; path = ExpensesView.swift; sourceTree = "<group>"; };
		262976CE2A47233B007E2595 /* ReportView.swift */ = {isa = PBXFileReference; lastKnownFileType = sourcecode.swift; path = ReportView.swift; sourceTree = "<group>"; };
		262976D12A47284A007E2595 /* TopBarItem.swift */ = {isa = PBXFileReference; lastKnownFileType = sourcecode.swift; path = TopBarItem.swift; sourceTree = "<group>"; };
		262976D42A4729AD007E2595 /* TopBarSymbol.swift */ = {isa = PBXFileReference; lastKnownFileType = sourcecode.swift; path = TopBarSymbol.swift; sourceTree = "<group>"; };
		262976D62A472C84007E2595 /* DatePickerView.swift */ = {isa = PBXFileReference; lastKnownFileType = sourcecode.swift; path = DatePickerView.swift; sourceTree = "<group>"; };
		26500E692A47103C004B8FF4 /* TopBarView.swift */ = {isa = PBXFileReference; lastKnownFileType = sourcecode.swift; path = TopBarView.swift; sourceTree = "<group>"; };
		26A72D092A459C35008AC025 /* CameraService.swift */ = {isa = PBXFileReference; lastKnownFileType = sourcecode.swift; path = CameraService.swift; sourceTree = "<group>"; };
		26A72D0B2A459C91008AC025 /* CameraView.swift */ = {isa = PBXFileReference; lastKnownFileType = sourcecode.swift; path = CameraView.swift; sourceTree = "<group>"; };
		26A72D0D2A459D18008AC025 /* AddMomentView.swift */ = {isa = PBXFileReference; lastKnownFileType = sourcecode.swift; path = AddMomentView.swift; sourceTree = "<group>"; };
		26A72D0F2A459D23008AC025 /* AddMomentRenameView.swift */ = {isa = PBXFileReference; lastKnownFileType = sourcecode.swift; path = AddMomentRenameView.swift; sourceTree = "<group>"; };
		D70475972A46D6FA00BAC7F1 /* PageNavigationEnum.swift */ = {isa = PBXFileReference; lastKnownFileType = sourcecode.swift; path = PageNavigationEnum.swift; sourceTree = "<group>"; };
		D704759C2A46D9C100BAC7F1 /* TabBarPlusButton.swift */ = {isa = PBXFileReference; lastKnownFileType = sourcecode.swift; path = TabBarPlusButton.swift; sourceTree = "<group>"; };
		D704759E2A46DAE400BAC7F1 /* TabBarItem.swift */ = {isa = PBXFileReference; lastKnownFileType = sourcecode.swift; path = TabBarItem.swift; sourceTree = "<group>"; };
		D70475A32A46ED9400BAC7F1 /* CoreDataModel.xcdatamodel */ = {isa = PBXFileReference; lastKnownFileType = wrapper.xcdatamodel; path = CoreDataModel.xcdatamodel; sourceTree = "<group>"; };
		D70475A62A46EF2B00BAC7F1 /* DateFormatter.swift */ = {isa = PBXFileReference; lastKnownFileType = sourcecode.swift; path = DateFormatter.swift; sourceTree = "<group>"; };
		D74679082A442F0B009C712B /* MC2-United-Hands.app */ = {isa = PBXFileReference; explicitFileType = wrapper.application; includeInIndex = 0; path = "MC2-United-Hands.app"; sourceTree = BUILT_PRODUCTS_DIR; };
		D746790B2A442F0B009C712B /* MC2_United_HandsApp.swift */ = {isa = PBXFileReference; lastKnownFileType = sourcecode.swift; path = MC2_United_HandsApp.swift; sourceTree = "<group>"; };
		D746790D2A442F0B009C712B /* ContentView.swift */ = {isa = PBXFileReference; lastKnownFileType = sourcecode.swift; path = ContentView.swift; sourceTree = "<group>"; };
		D746790F2A442F0B009C712B /* Assets.xcassets */ = {isa = PBXFileReference; lastKnownFileType = folder.assetcatalog; path = Assets.xcassets; sourceTree = "<group>"; };
		D74679122A442F0B009C712B /* Preview Assets.xcassets */ = {isa = PBXFileReference; lastKnownFileType = folder.assetcatalog; path = "Preview Assets.xcassets"; sourceTree = "<group>"; };
		D74679182A442F0C009C712B /* MC2-United-HandsTests.xctest */ = {isa = PBXFileReference; explicitFileType = wrapper.cfbundle; includeInIndex = 0; path = "MC2-United-HandsTests.xctest"; sourceTree = BUILT_PRODUCTS_DIR; };
		D746791C2A442F0C009C712B /* MC2_United_HandsTests.swift */ = {isa = PBXFileReference; lastKnownFileType = sourcecode.swift; path = MC2_United_HandsTests.swift; sourceTree = "<group>"; };
		D74679222A442F0C009C712B /* MC2-United-HandsUITests.xctest */ = {isa = PBXFileReference; explicitFileType = wrapper.cfbundle; includeInIndex = 0; path = "MC2-United-HandsUITests.xctest"; sourceTree = BUILT_PRODUCTS_DIR; };
		D74679262A442F0C009C712B /* MC2_United_HandsUITests.swift */ = {isa = PBXFileReference; lastKnownFileType = sourcecode.swift; path = MC2_United_HandsUITests.swift; sourceTree = "<group>"; };
		D74679282A442F0C009C712B /* MC2_United_HandsUITestsLaunchTests.swift */ = {isa = PBXFileReference; lastKnownFileType = sourcecode.swift; path = MC2_United_HandsUITestsLaunchTests.swift; sourceTree = "<group>"; };
		D746793D2A443895009C712B /* ExpenseCard.swift */ = {isa = PBXFileReference; lastKnownFileType = sourcecode.swift; path = ExpenseCard.swift; sourceTree = "<group>"; };
		D74679402A4438E6009C712B /* RoundedImage.swift */ = {isa = PBXFileReference; lastKnownFileType = sourcecode.swift; path = RoundedImage.swift; sourceTree = "<group>"; };
		D74679422A444161009C712B /* CategoryLabel.swift */ = {isa = PBXFileReference; lastKnownFileType = sourcecode.swift; path = CategoryLabel.swift; sourceTree = "<group>"; };
		D74679442A444AB7009C712B /* FormView.swift */ = {isa = PBXFileReference; lastKnownFileType = sourcecode.swift; path = FormView.swift; sourceTree = "<group>"; };
		D74679462A444ACD009C712B /* FormField.swift */ = {isa = PBXFileReference; lastKnownFileType = sourcecode.swift; path = FormField.swift; sourceTree = "<group>"; };
		D74679492A444BC6009C712B /* FieldTypeEnum + FieldView.swift */ = {isa = PBXFileReference; lastKnownFileType = sourcecode.swift; path = "FieldTypeEnum + FieldView.swift"; sourceTree = "<group>"; };
		D746794C2A447C03009C712B /* CustomTextFiledModifier.swift */ = {isa = PBXFileReference; lastKnownFileType = sourcecode.swift; path = CustomTextFiledModifier.swift; sourceTree = "<group>"; };
		D746794E2A449734009C712B /* ExpenseCategoryEnum.swift */ = {isa = PBXFileReference; lastKnownFileType = sourcecode.swift; path = ExpenseCategoryEnum.swift; sourceTree = "<group>"; };
		D74679502A449964009C712B /* ExpenseCategoryPicker.swift */ = {isa = PBXFileReference; lastKnownFileType = sourcecode.swift; path = ExpenseCategoryPicker.swift; sourceTree = "<group>"; };
		D74679522A44AC73009C712B /* FormDoneButton.swift */ = {isa = PBXFileReference; lastKnownFileType = sourcecode.swift; path = FormDoneButton.swift; sourceTree = "<group>"; };
		D74679552A44B035009C712B /* ColorExtension.swift */ = {isa = PBXFileReference; lastKnownFileType = sourcecode.swift; path = ColorExtension.swift; sourceTree = "<group>"; };
		D74679B02A44C139009C712B /* StringConstants.swift */ = {isa = PBXFileReference; lastKnownFileType = sourcecode.swift; path = StringConstants.swift; sourceTree = "<group>"; };
		D74679B42A44C15D009C712B /* ExpenseDataModel.swift */ = {isa = PBXFileReference; lastKnownFileType = sourcecode.swift; path = ExpenseDataModel.swift; sourceTree = "<group>"; };
		D74679B62A44C16C009C712B /* CoreDataManager.swift */ = {isa = PBXFileReference; lastKnownFileType = sourcecode.swift; path = CoreDataManager.swift; sourceTree = "<group>"; };
/* End PBXFileReference section */

/* Begin PBXFrameworksBuildPhase section */
		D74679052A442F0B009C712B /* Frameworks */ = {
			isa = PBXFrameworksBuildPhase;
			buildActionMask = 2147483647;
			files = (
			);
			runOnlyForDeploymentPostprocessing = 0;
		};
		D74679152A442F0C009C712B /* Frameworks */ = {
			isa = PBXFrameworksBuildPhase;
			buildActionMask = 2147483647;
			files = (
			);
			runOnlyForDeploymentPostprocessing = 0;
		};
		D746791F2A442F0C009C712B /* Frameworks */ = {
			isa = PBXFrameworksBuildPhase;
			buildActionMask = 2147483647;
			files = (
			);
			runOnlyForDeploymentPostprocessing = 0;
		};
/* End PBXFrameworksBuildPhase section */

/* Begin PBXGroup section */
		262976D32A472852007E2595 /* TopBar-Related */ = {
			isa = PBXGroup;
			children = (
				262976D12A47284A007E2595 /* TopBarItem.swift */,
				262976D42A4729AD007E2595 /* TopBarSymbol.swift */,
			);
			path = "TopBar-Related";
			sourceTree = "<group>";
		};
		26A72D072A459C22008AC025 /* Utilities */ = {
			isa = PBXGroup;
			children = (
				D70475A52A46EF2000BAC7F1 /* Formatter */,
				26A72D082A459C29008AC025 /* Camera */,
			);
			path = Utilities;
			sourceTree = "<group>";
		};
		26A72D082A459C29008AC025 /* Camera */ = {
			isa = PBXGroup;
			children = (
				26A72D092A459C35008AC025 /* CameraService.swift */,
			);
			path = Camera;
			sourceTree = "<group>";
		};
		D70475992A46D98500BAC7F1 /* TabBar-Related */ = {
			isa = PBXGroup;
			children = (
				D704759C2A46D9C100BAC7F1 /* TabBarPlusButton.swift */,
				D704759E2A46DAE400BAC7F1 /* TabBarItem.swift */,
			);
			path = "TabBar-Related";
			sourceTree = "<group>";
		};
		D70475A52A46EF2000BAC7F1 /* Formatter */ = {
			isa = PBXGroup;
			children = (
				D70475A62A46EF2B00BAC7F1 /* DateFormatter.swift */,
			);
			path = Formatter;
			sourceTree = "<group>";
		};
		D74678FF2A442F0B009C712B = {
			isa = PBXGroup;
			children = (
				D746790A2A442F0B009C712B /* MC2-United-Hands */,
				D746791B2A442F0C009C712B /* MC2-United-HandsTests */,
				D74679252A442F0C009C712B /* MC2-United-HandsUITests */,
				D74679092A442F0B009C712B /* Products */,
			);
			sourceTree = "<group>";
		};
		D74679092A442F0B009C712B /* Products */ = {
			isa = PBXGroup;
			children = (
				D74679082A442F0B009C712B /* MC2-United-Hands.app */,
				D74679182A442F0C009C712B /* MC2-United-HandsTests.xctest */,
				D74679222A442F0C009C712B /* MC2-United-HandsUITests.xctest */,
			);
			name = Products;
			sourceTree = "<group>";
		};
		D746790A2A442F0B009C712B /* MC2-United-Hands */ = {
			isa = PBXGroup;
			children = (
				26A72D072A459C22008AC025 /* Utilities */,
				D74679B32A44C150009C712B /* ViewModel */,
				D74679B22A44C14C009C712B /* Model */,
				D74679AF2A44C12D009C712B /* Constants */,
				D74679542A44B01F009C712B /* Extension */,
				D74679482A444BB6009C712B /* Enums */,
				D74679352A4434D5009C712B /* Views */,
				D746790B2A442F0B009C712B /* MC2_United_HandsApp.swift */,
				D746790F2A442F0B009C712B /* Assets.xcassets */,
				D74679112A442F0B009C712B /* Preview Content */,
			);
			path = "MC2-United-Hands";
			sourceTree = "<group>";
		};
		D74679112A442F0B009C712B /* Preview Content */ = {
			isa = PBXGroup;
			children = (
				D74679122A442F0B009C712B /* Preview Assets.xcassets */,
			);
			path = "Preview Content";
			sourceTree = "<group>";
		};
		D746791B2A442F0C009C712B /* MC2-United-HandsTests */ = {
			isa = PBXGroup;
			children = (
				D746791C2A442F0C009C712B /* MC2_United_HandsTests.swift */,
			);
			path = "MC2-United-HandsTests";
			sourceTree = "<group>";
		};
		D74679252A442F0C009C712B /* MC2-United-HandsUITests */ = {
			isa = PBXGroup;
			children = (
				D74679262A442F0C009C712B /* MC2_United_HandsUITests.swift */,
				D74679282A442F0C009C712B /* MC2_United_HandsUITestsLaunchTests.swift */,
			);
			path = "MC2-United-HandsUITests";
			sourceTree = "<group>";
		};
		D74679352A4434D5009C712B /* Views */ = {
			isa = PBXGroup;
			children = (
				D74679362A4434E4009C712B /* Components */,
				D74679442A444AB7009C712B /* FormView.swift */,
				26A72D0B2A459C91008AC025 /* CameraView.swift */,
				26A72D0D2A459D18008AC025 /* AddMomentView.swift */,
				26A72D0F2A459D23008AC025 /* AddMomentRenameView.swift */,
				262388D02A45FDBD00BA3298 /* HomeView.swift */,
				D746790D2A442F0B009C712B /* ContentView.swift */,
				262976CC2A47232C007E2595 /* ExpensesView.swift */,
				262976CE2A47233B007E2595 /* ReportView.swift */,
			);
			path = Views;
			sourceTree = "<group>";
		};
		D74679362A4434E4009C712B /* Components */ = {
			isa = PBXGroup;
			children = (
				262976D32A472852007E2595 /* TopBar-Related */,
				D70475992A46D98500BAC7F1 /* TabBar-Related */,
				D746794B2A447BE8009C712B /* Extension + Custom Modifier */,
				D746793D2A443895009C712B /* ExpenseCard.swift */,
				262388CE2A45FD0700BA3298 /* TabBarView.swift */,
				26500E692A47103C004B8FF4 /* TopBarView.swift */,
				D74679402A4438E6009C712B /* RoundedImage.swift */,
				D74679422A444161009C712B /* CategoryLabel.swift */,
				D74679462A444ACD009C712B /* FormField.swift */,
				D74679502A449964009C712B /* ExpenseCategoryPicker.swift */,
				D74679522A44AC73009C712B /* FormDoneButton.swift */,
				262976D62A472C84007E2595 /* DatePickerView.swift */,
			);
			path = Components;
			sourceTree = "<group>";
		};
		D74679482A444BB6009C712B /* Enums */ = {
			isa = PBXGroup;
			children = (
				D74679492A444BC6009C712B /* FieldTypeEnum + FieldView.swift */,
				D746794E2A449734009C712B /* ExpenseCategoryEnum.swift */,
				D70475972A46D6FA00BAC7F1 /* PageNavigationEnum.swift */,
			);
			path = Enums;
			sourceTree = "<group>";
		};
		D746794B2A447BE8009C712B /* Extension + Custom Modifier */ = {
			isa = PBXGroup;
			children = (
				D746794C2A447C03009C712B /* CustomTextFiledModifier.swift */,
			);
			path = "Extension + Custom Modifier";
			sourceTree = "<group>";
		};
		D74679542A44B01F009C712B /* Extension */ = {
			isa = PBXGroup;
			children = (
				D74679552A44B035009C712B /* ColorExtension.swift */,
			);
			path = Extension;
			sourceTree = "<group>";
		};
		D74679AF2A44C12D009C712B /* Constants */ = {
			isa = PBXGroup;
			children = (
				D74679B02A44C139009C712B /* StringConstants.swift */,
			);
			path = Constants;
			sourceTree = "<group>";
		};
		D74679B22A44C14C009C712B /* Model */ = {
			isa = PBXGroup;
			children = (
				D74679B42A44C15D009C712B /* ExpenseDataModel.swift */,
				D70475A22A46ED9400BAC7F1 /* CoreDataModel.xcdatamodeld */,
			);
			path = Model;
			sourceTree = "<group>";
		};
		D74679B32A44C150009C712B /* ViewModel */ = {
			isa = PBXGroup;
			children = (
				D74679B62A44C16C009C712B /* CoreDataManager.swift */,
			);
			path = ViewModel;
			sourceTree = "<group>";
		};
/* End PBXGroup section */

/* Begin PBXNativeTarget section */
		D74679072A442F0B009C712B /* MC2-United-Hands */ = {
			isa = PBXNativeTarget;
			buildConfigurationList = D746792C2A442F0C009C712B /* Build configuration list for PBXNativeTarget "MC2-United-Hands" */;
			buildPhases = (
				D74679042A442F0B009C712B /* Sources */,
				D74679052A442F0B009C712B /* Frameworks */,
				D74679062A442F0B009C712B /* Resources */,
			);
			buildRules = (
			);
			dependencies = (
			);
			name = "MC2-United-Hands";
			productName = "MC2-United-Hands";
			productReference = D74679082A442F0B009C712B /* MC2-United-Hands.app */;
			productType = "com.apple.product-type.application";
		};
		D74679172A442F0C009C712B /* MC2-United-HandsTests */ = {
			isa = PBXNativeTarget;
			buildConfigurationList = D746792F2A442F0C009C712B /* Build configuration list for PBXNativeTarget "MC2-United-HandsTests" */;
			buildPhases = (
				D74679142A442F0C009C712B /* Sources */,
				D74679152A442F0C009C712B /* Frameworks */,
				D74679162A442F0C009C712B /* Resources */,
			);
			buildRules = (
			);
			dependencies = (
				D746791A2A442F0C009C712B /* PBXTargetDependency */,
			);
			name = "MC2-United-HandsTests";
			productName = "MC2-United-HandsTests";
			productReference = D74679182A442F0C009C712B /* MC2-United-HandsTests.xctest */;
			productType = "com.apple.product-type.bundle.unit-test";
		};
		D74679212A442F0C009C712B /* MC2-United-HandsUITests */ = {
			isa = PBXNativeTarget;
			buildConfigurationList = D74679322A442F0C009C712B /* Build configuration list for PBXNativeTarget "MC2-United-HandsUITests" */;
			buildPhases = (
				D746791E2A442F0C009C712B /* Sources */,
				D746791F2A442F0C009C712B /* Frameworks */,
				D74679202A442F0C009C712B /* Resources */,
			);
			buildRules = (
			);
			dependencies = (
				D74679242A442F0C009C712B /* PBXTargetDependency */,
			);
			name = "MC2-United-HandsUITests";
			productName = "MC2-United-HandsUITests";
			productReference = D74679222A442F0C009C712B /* MC2-United-HandsUITests.xctest */;
			productType = "com.apple.product-type.bundle.ui-testing";
		};
/* End PBXNativeTarget section */

/* Begin PBXProject section */
		D74679002A442F0B009C712B /* Project object */ = {
			isa = PBXProject;
			attributes = {
				BuildIndependentTargetsInParallel = 1;
				LastSwiftUpdateCheck = 1430;
				LastUpgradeCheck = 1430;
				TargetAttributes = {
					D74679072A442F0B009C712B = {
						CreatedOnToolsVersion = 14.3.1;
					};
					D74679172A442F0C009C712B = {
						CreatedOnToolsVersion = 14.3.1;
						TestTargetID = D74679072A442F0B009C712B;
					};
					D74679212A442F0C009C712B = {
						CreatedOnToolsVersion = 14.3.1;
						TestTargetID = D74679072A442F0B009C712B;
					};
				};
			};
			buildConfigurationList = D74679032A442F0B009C712B /* Build configuration list for PBXProject "MC2-United-Hands" */;
			compatibilityVersion = "Xcode 14.0";
			developmentRegion = en;
			hasScannedForEncodings = 0;
			knownRegions = (
				en,
				Base,
			);
			mainGroup = D74678FF2A442F0B009C712B;
			productRefGroup = D74679092A442F0B009C712B /* Products */;
			projectDirPath = "";
			projectRoot = "";
			targets = (
				D74679072A442F0B009C712B /* MC2-United-Hands */,
				D74679172A442F0C009C712B /* MC2-United-HandsTests */,
				D74679212A442F0C009C712B /* MC2-United-HandsUITests */,
			);
		};
/* End PBXProject section */

/* Begin PBXResourcesBuildPhase section */
		D74679062A442F0B009C712B /* Resources */ = {
			isa = PBXResourcesBuildPhase;
			buildActionMask = 2147483647;
			files = (
				D74679132A442F0B009C712B /* Preview Assets.xcassets in Resources */,
				D74679102A442F0B009C712B /* Assets.xcassets in Resources */,
			);
			runOnlyForDeploymentPostprocessing = 0;
		};
		D74679162A442F0C009C712B /* Resources */ = {
			isa = PBXResourcesBuildPhase;
			buildActionMask = 2147483647;
			files = (
			);
			runOnlyForDeploymentPostprocessing = 0;
		};
		D74679202A442F0C009C712B /* Resources */ = {
			isa = PBXResourcesBuildPhase;
			buildActionMask = 2147483647;
			files = (
			);
			runOnlyForDeploymentPostprocessing = 0;
		};
/* End PBXResourcesBuildPhase section */

/* Begin PBXSourcesBuildPhase section */
		D74679042A442F0B009C712B /* Sources */ = {
			isa = PBXSourcesBuildPhase;
			buildActionMask = 2147483647;
			files = (
				D70475A72A46EF2B00BAC7F1 /* DateFormatter.swift in Sources */,
				D74679512A449964009C712B /* ExpenseCategoryPicker.swift in Sources */,
				D74679472A444ACD009C712B /* FormField.swift in Sources */,
				262976D72A472C84007E2595 /* DatePickerView.swift in Sources */,
				262976D22A47284A007E2595 /* TopBarItem.swift in Sources */,
				D746794F2A449734009C712B /* ExpenseCategoryEnum.swift in Sources */,
				26A72D0C2A459C91008AC025 /* CameraView.swift in Sources */,
				D746794A2A444BC6009C712B /* FieldTypeEnum + FieldView.swift in Sources */,
				262388D12A45FDBD00BA3298 /* HomeView.swift in Sources */,
				26A72D0A2A459C35008AC025 /* CameraService.swift in Sources */,
				262976CF2A47233B007E2595 /* ReportView.swift in Sources */,
				D74679432A444161009C712B /* CategoryLabel.swift in Sources */,
				262976D52A4729AD007E2595 /* TopBarSymbol.swift in Sources */,
				D74679452A444AB7009C712B /* FormView.swift in Sources */,
				D74679B12A44C139009C712B /* StringConstants.swift in Sources */,
				26A72D0E2A459D18008AC025 /* AddMomentView.swift in Sources */,
				D746793E2A443895009C712B /* ExpenseCard.swift in Sources */,
				D704759F2A46DAE400BAC7F1 /* TabBarItem.swift in Sources */,
				D74679412A4438E6009C712B /* RoundedImage.swift in Sources */,
				D70475982A46D6FA00BAC7F1 /* PageNavigationEnum.swift in Sources */,
				262388CF2A45FD0700BA3298 /* TabBarView.swift in Sources */,
				D70475A42A46ED9400BAC7F1 /* CoreDataModel.xcdatamodeld in Sources */,
				26500E6A2A47103C004B8FF4 /* TopBarView.swift in Sources */,
				D746790E2A442F0B009C712B /* ContentView.swift in Sources */,
				D74679532A44AC74009C712B /* FormDoneButton.swift in Sources */,
				262976CD2A47232C007E2595 /* ExpensesView.swift in Sources */,
				D74679B52A44C15D009C712B /* ExpenseDataModel.swift in Sources */,
				D746790C2A442F0B009C712B /* MC2_United_HandsApp.swift in Sources */,
				26A72D102A459D23008AC025 /* AddMomentRenameView.swift in Sources */,
				D746794D2A447C03009C712B /* CustomTextFiledModifier.swift in Sources */,
				D704759D2A46D9C100BAC7F1 /* TabBarPlusButton.swift in Sources */,
				D74679562A44B035009C712B /* ColorExtension.swift in Sources */,
				D74679B72A44C16C009C712B /* CoreDataManager.swift in Sources */,
			);
			runOnlyForDeploymentPostprocessing = 0;
		};
		D74679142A442F0C009C712B /* Sources */ = {
			isa = PBXSourcesBuildPhase;
			buildActionMask = 2147483647;
			files = (
				D746791D2A442F0C009C712B /* MC2_United_HandsTests.swift in Sources */,
			);
			runOnlyForDeploymentPostprocessing = 0;
		};
		D746791E2A442F0C009C712B /* Sources */ = {
			isa = PBXSourcesBuildPhase;
			buildActionMask = 2147483647;
			files = (
				D74679272A442F0C009C712B /* MC2_United_HandsUITests.swift in Sources */,
				D74679292A442F0C009C712B /* MC2_United_HandsUITestsLaunchTests.swift in Sources */,
			);
			runOnlyForDeploymentPostprocessing = 0;
		};
/* End PBXSourcesBuildPhase section */

/* Begin PBXTargetDependency section */
		D746791A2A442F0C009C712B /* PBXTargetDependency */ = {
			isa = PBXTargetDependency;
			target = D74679072A442F0B009C712B /* MC2-United-Hands */;
			targetProxy = D74679192A442F0C009C712B /* PBXContainerItemProxy */;
		};
		D74679242A442F0C009C712B /* PBXTargetDependency */ = {
			isa = PBXTargetDependency;
			target = D74679072A442F0B009C712B /* MC2-United-Hands */;
			targetProxy = D74679232A442F0C009C712B /* PBXContainerItemProxy */;
		};
/* End PBXTargetDependency section */

/* Begin XCBuildConfiguration section */
		D746792A2A442F0C009C712B /* Debug */ = {
			isa = XCBuildConfiguration;
			buildSettings = {
				ALWAYS_SEARCH_USER_PATHS = NO;
				CLANG_ANALYZER_NONNULL = YES;
				CLANG_ANALYZER_NUMBER_OBJECT_CONVERSION = YES_AGGRESSIVE;
				CLANG_CXX_LANGUAGE_STANDARD = "gnu++20";
				CLANG_ENABLE_MODULES = YES;
				CLANG_ENABLE_OBJC_ARC = YES;
				CLANG_ENABLE_OBJC_WEAK = YES;
				CLANG_WARN_BLOCK_CAPTURE_AUTORELEASING = YES;
				CLANG_WARN_BOOL_CONVERSION = YES;
				CLANG_WARN_COMMA = YES;
				CLANG_WARN_CONSTANT_CONVERSION = YES;
				CLANG_WARN_DEPRECATED_OBJC_IMPLEMENTATIONS = YES;
				CLANG_WARN_DIRECT_OBJC_ISA_USAGE = YES_ERROR;
				CLANG_WARN_DOCUMENTATION_COMMENTS = YES;
				CLANG_WARN_EMPTY_BODY = YES;
				CLANG_WARN_ENUM_CONVERSION = YES;
				CLANG_WARN_INFINITE_RECURSION = YES;
				CLANG_WARN_INT_CONVERSION = YES;
				CLANG_WARN_NON_LITERAL_NULL_CONVERSION = YES;
				CLANG_WARN_OBJC_IMPLICIT_RETAIN_SELF = YES;
				CLANG_WARN_OBJC_LITERAL_CONVERSION = YES;
				CLANG_WARN_OBJC_ROOT_CLASS = YES_ERROR;
				CLANG_WARN_QUOTED_INCLUDE_IN_FRAMEWORK_HEADER = YES;
				CLANG_WARN_RANGE_LOOP_ANALYSIS = YES;
				CLANG_WARN_STRICT_PROTOTYPES = YES;
				CLANG_WARN_SUSPICIOUS_MOVE = YES;
				CLANG_WARN_UNGUARDED_AVAILABILITY = YES_AGGRESSIVE;
				CLANG_WARN_UNREACHABLE_CODE = YES;
				CLANG_WARN__DUPLICATE_METHOD_MATCH = YES;
				COPY_PHASE_STRIP = NO;
				DEBUG_INFORMATION_FORMAT = dwarf;
				ENABLE_STRICT_OBJC_MSGSEND = YES;
				ENABLE_TESTABILITY = YES;
				GCC_C_LANGUAGE_STANDARD = gnu11;
				GCC_DYNAMIC_NO_PIC = NO;
				GCC_NO_COMMON_BLOCKS = YES;
				GCC_OPTIMIZATION_LEVEL = 0;
				GCC_PREPROCESSOR_DEFINITIONS = (
					"DEBUG=1",
					"$(inherited)",
				);
				GCC_WARN_64_TO_32_BIT_CONVERSION = YES;
				GCC_WARN_ABOUT_RETURN_TYPE = YES_ERROR;
				GCC_WARN_UNDECLARED_SELECTOR = YES;
				GCC_WARN_UNINITIALIZED_AUTOS = YES_AGGRESSIVE;
				GCC_WARN_UNUSED_FUNCTION = YES;
				GCC_WARN_UNUSED_VARIABLE = YES;
				IPHONEOS_DEPLOYMENT_TARGET = 16.4;
				MTL_ENABLE_DEBUG_INFO = INCLUDE_SOURCE;
				MTL_FAST_MATH = YES;
				ONLY_ACTIVE_ARCH = YES;
				SDKROOT = iphoneos;
				SWIFT_ACTIVE_COMPILATION_CONDITIONS = DEBUG;
				SWIFT_OPTIMIZATION_LEVEL = "-Onone";
			};
			name = Debug;
		};
		D746792B2A442F0C009C712B /* Release */ = {
			isa = XCBuildConfiguration;
			buildSettings = {
				ALWAYS_SEARCH_USER_PATHS = NO;
				CLANG_ANALYZER_NONNULL = YES;
				CLANG_ANALYZER_NUMBER_OBJECT_CONVERSION = YES_AGGRESSIVE;
				CLANG_CXX_LANGUAGE_STANDARD = "gnu++20";
				CLANG_ENABLE_MODULES = YES;
				CLANG_ENABLE_OBJC_ARC = YES;
				CLANG_ENABLE_OBJC_WEAK = YES;
				CLANG_WARN_BLOCK_CAPTURE_AUTORELEASING = YES;
				CLANG_WARN_BOOL_CONVERSION = YES;
				CLANG_WARN_COMMA = YES;
				CLANG_WARN_CONSTANT_CONVERSION = YES;
				CLANG_WARN_DEPRECATED_OBJC_IMPLEMENTATIONS = YES;
				CLANG_WARN_DIRECT_OBJC_ISA_USAGE = YES_ERROR;
				CLANG_WARN_DOCUMENTATION_COMMENTS = YES;
				CLANG_WARN_EMPTY_BODY = YES;
				CLANG_WARN_ENUM_CONVERSION = YES;
				CLANG_WARN_INFINITE_RECURSION = YES;
				CLANG_WARN_INT_CONVERSION = YES;
				CLANG_WARN_NON_LITERAL_NULL_CONVERSION = YES;
				CLANG_WARN_OBJC_IMPLICIT_RETAIN_SELF = YES;
				CLANG_WARN_OBJC_LITERAL_CONVERSION = YES;
				CLANG_WARN_OBJC_ROOT_CLASS = YES_ERROR;
				CLANG_WARN_QUOTED_INCLUDE_IN_FRAMEWORK_HEADER = YES;
				CLANG_WARN_RANGE_LOOP_ANALYSIS = YES;
				CLANG_WARN_STRICT_PROTOTYPES = YES;
				CLANG_WARN_SUSPICIOUS_MOVE = YES;
				CLANG_WARN_UNGUARDED_AVAILABILITY = YES_AGGRESSIVE;
				CLANG_WARN_UNREACHABLE_CODE = YES;
				CLANG_WARN__DUPLICATE_METHOD_MATCH = YES;
				COPY_PHASE_STRIP = NO;
				DEBUG_INFORMATION_FORMAT = "dwarf-with-dsym";
				ENABLE_NS_ASSERTIONS = NO;
				ENABLE_STRICT_OBJC_MSGSEND = YES;
				GCC_C_LANGUAGE_STANDARD = gnu11;
				GCC_NO_COMMON_BLOCKS = YES;
				GCC_WARN_64_TO_32_BIT_CONVERSION = YES;
				GCC_WARN_ABOUT_RETURN_TYPE = YES_ERROR;
				GCC_WARN_UNDECLARED_SELECTOR = YES;
				GCC_WARN_UNINITIALIZED_AUTOS = YES_AGGRESSIVE;
				GCC_WARN_UNUSED_FUNCTION = YES;
				GCC_WARN_UNUSED_VARIABLE = YES;
				IPHONEOS_DEPLOYMENT_TARGET = 16.4;
				MTL_ENABLE_DEBUG_INFO = NO;
				MTL_FAST_MATH = YES;
				SDKROOT = iphoneos;
				SWIFT_COMPILATION_MODE = wholemodule;
				SWIFT_OPTIMIZATION_LEVEL = "-O";
				VALIDATE_PRODUCT = YES;
			};
			name = Release;
		};
		D746792D2A442F0C009C712B /* Debug */ = {
			isa = XCBuildConfiguration;
			buildSettings = {
				ASSETCATALOG_COMPILER_APPICON_NAME = AppIcon;
				ASSETCATALOG_COMPILER_GLOBAL_ACCENT_COLOR_NAME = AccentColor;
				CODE_SIGN_STYLE = Automatic;
				CURRENT_PROJECT_VERSION = 1;
				DEVELOPMENT_ASSET_PATHS = "\"MC2-United-Hands/Preview Content\"";
				DEVELOPMENT_TEAM = 6H4427J3SZ;
				ENABLE_PREVIEWS = YES;
				GENERATE_INFOPLIST_FILE = YES;
				INFOPLIST_KEY_NSCameraUsageDescription = "Take Photo for Moments";
				INFOPLIST_KEY_UIApplicationSceneManifest_Generation = YES;
				INFOPLIST_KEY_UIApplicationSupportsIndirectInputEvents = YES;
				INFOPLIST_KEY_UILaunchScreen_Generation = YES;
				INFOPLIST_KEY_UISupportedInterfaceOrientations_iPad = "UIInterfaceOrientationPortrait UIInterfaceOrientationPortraitUpsideDown UIInterfaceOrientationLandscapeLeft UIInterfaceOrientationLandscapeRight";
				INFOPLIST_KEY_UISupportedInterfaceOrientations_iPhone = "UIInterfaceOrientationPortrait UIInterfaceOrientationLandscapeLeft UIInterfaceOrientationLandscapeRight";
				LD_RUNPATH_SEARCH_PATHS = (
					"$(inherited)",
					"@executable_path/Frameworks",
				);
				MARKETING_VERSION = 1.0;
				PRODUCT_BUNDLE_IDENTIFIER = "com.example.test1.MC2-United-Hands";
				PRODUCT_NAME = "$(TARGET_NAME)";
				SWIFT_EMIT_LOC_STRINGS = YES;
				SWIFT_VERSION = 5.0;
				TARGETED_DEVICE_FAMILY = "1,2";
			};
			name = Debug;
		};
		D746792E2A442F0C009C712B /* Release */ = {
			isa = XCBuildConfiguration;
			buildSettings = {
				ASSETCATALOG_COMPILER_APPICON_NAME = AppIcon;
				ASSETCATALOG_COMPILER_GLOBAL_ACCENT_COLOR_NAME = AccentColor;
				CODE_SIGN_STYLE = Automatic;
				CURRENT_PROJECT_VERSION = 1;
				DEVELOPMENT_ASSET_PATHS = "\"MC2-United-Hands/Preview Content\"";
				DEVELOPMENT_TEAM = 6H4427J3SZ;
				ENABLE_PREVIEWS = YES;
				GENERATE_INFOPLIST_FILE = YES;
				INFOPLIST_KEY_NSCameraUsageDescription = "Take Photo for Moments";
				INFOPLIST_KEY_UIApplicationSceneManifest_Generation = YES;
				INFOPLIST_KEY_UIApplicationSupportsIndirectInputEvents = YES;
				INFOPLIST_KEY_UILaunchScreen_Generation = YES;
				INFOPLIST_KEY_UISupportedInterfaceOrientations_iPad = "UIInterfaceOrientationPortrait UIInterfaceOrientationPortraitUpsideDown UIInterfaceOrientationLandscapeLeft UIInterfaceOrientationLandscapeRight";
				INFOPLIST_KEY_UISupportedInterfaceOrientations_iPhone = "UIInterfaceOrientationPortrait UIInterfaceOrientationLandscapeLeft UIInterfaceOrientationLandscapeRight";
				LD_RUNPATH_SEARCH_PATHS = (
					"$(inherited)",
					"@executable_path/Frameworks",
				);
				MARKETING_VERSION = 1.0;
				PRODUCT_BUNDLE_IDENTIFIER = "com.example.test1.MC2-United-Hands";
				PRODUCT_NAME = "$(TARGET_NAME)";
				SWIFT_EMIT_LOC_STRINGS = YES;
				SWIFT_VERSION = 5.0;
				TARGETED_DEVICE_FAMILY = "1,2";
			};
			name = Release;
		};
		D74679302A442F0C009C712B /* Debug */ = {
			isa = XCBuildConfiguration;
			buildSettings = {
				ALWAYS_EMBED_SWIFT_STANDARD_LIBRARIES = YES;
				BUNDLE_LOADER = "$(TEST_HOST)";
				CODE_SIGN_STYLE = Automatic;
				CURRENT_PROJECT_VERSION = 1;
				DEVELOPMENT_TEAM = 6H4427J3SZ;
				GENERATE_INFOPLIST_FILE = YES;
				IPHONEOS_DEPLOYMENT_TARGET = 16.4;
				MARKETING_VERSION = 1.0;
				PRODUCT_BUNDLE_IDENTIFIER = "com.example.test1.MC2-United-HandsTests";
				PRODUCT_NAME = "$(TARGET_NAME)";
				SWIFT_EMIT_LOC_STRINGS = NO;
				SWIFT_VERSION = 5.0;
				TARGETED_DEVICE_FAMILY = "1,2";
				TEST_HOST = "$(BUILT_PRODUCTS_DIR)/MC2-United-Hands.app/$(BUNDLE_EXECUTABLE_FOLDER_PATH)/MC2-United-Hands";
			};
			name = Debug;
		};
		D74679312A442F0C009C712B /* Release */ = {
			isa = XCBuildConfiguration;
			buildSettings = {
				ALWAYS_EMBED_SWIFT_STANDARD_LIBRARIES = YES;
				BUNDLE_LOADER = "$(TEST_HOST)";
				CODE_SIGN_STYLE = Automatic;
				CURRENT_PROJECT_VERSION = 1;
				DEVELOPMENT_TEAM = 6H4427J3SZ;
				GENERATE_INFOPLIST_FILE = YES;
				IPHONEOS_DEPLOYMENT_TARGET = 16.4;
				MARKETING_VERSION = 1.0;
				PRODUCT_BUNDLE_IDENTIFIER = "com.example.test1.MC2-United-HandsTests";
				PRODUCT_NAME = "$(TARGET_NAME)";
				SWIFT_EMIT_LOC_STRINGS = NO;
				SWIFT_VERSION = 5.0;
				TARGETED_DEVICE_FAMILY = "1,2";
				TEST_HOST = "$(BUILT_PRODUCTS_DIR)/MC2-United-Hands.app/$(BUNDLE_EXECUTABLE_FOLDER_PATH)/MC2-United-Hands";
			};
			name = Release;
		};
		D74679332A442F0C009C712B /* Debug */ = {
			isa = XCBuildConfiguration;
			buildSettings = {
				ALWAYS_EMBED_SWIFT_STANDARD_LIBRARIES = YES;
				CODE_SIGN_STYLE = Automatic;
				CURRENT_PROJECT_VERSION = 1;
				DEVELOPMENT_TEAM = 6H4427J3SZ;
				GENERATE_INFOPLIST_FILE = YES;
				MARKETING_VERSION = 1.0;
				PRODUCT_BUNDLE_IDENTIFIER = "com.example.test1.MC2-United-HandsUITests";
				PRODUCT_NAME = "$(TARGET_NAME)";
				SWIFT_EMIT_LOC_STRINGS = NO;
				SWIFT_VERSION = 5.0;
				TARGETED_DEVICE_FAMILY = "1,2";
				TEST_TARGET_NAME = "MC2-United-Hands";
			};
			name = Debug;
		};
		D74679342A442F0C009C712B /* Release */ = {
			isa = XCBuildConfiguration;
			buildSettings = {
				ALWAYS_EMBED_SWIFT_STANDARD_LIBRARIES = YES;
				CODE_SIGN_STYLE = Automatic;
				CURRENT_PROJECT_VERSION = 1;
				DEVELOPMENT_TEAM = 6H4427J3SZ;
				GENERATE_INFOPLIST_FILE = YES;
				MARKETING_VERSION = 1.0;
				PRODUCT_BUNDLE_IDENTIFIER = "com.example.test1.MC2-United-HandsUITests";
				PRODUCT_NAME = "$(TARGET_NAME)";
				SWIFT_EMIT_LOC_STRINGS = NO;
				SWIFT_VERSION = 5.0;
				TARGETED_DEVICE_FAMILY = "1,2";
				TEST_TARGET_NAME = "MC2-United-Hands";
			};
			name = Release;
		};
/* End XCBuildConfiguration section */

/* Begin XCConfigurationList section */
		D74679032A442F0B009C712B /* Build configuration list for PBXProject "MC2-United-Hands" */ = {
			isa = XCConfigurationList;
			buildConfigurations = (
				D746792A2A442F0C009C712B /* Debug */,
				D746792B2A442F0C009C712B /* Release */,
			);
			defaultConfigurationIsVisible = 0;
			defaultConfigurationName = Release;
		};
		D746792C2A442F0C009C712B /* Build configuration list for PBXNativeTarget "MC2-United-Hands" */ = {
			isa = XCConfigurationList;
			buildConfigurations = (
				D746792D2A442F0C009C712B /* Debug */,
				D746792E2A442F0C009C712B /* Release */,
			);
			defaultConfigurationIsVisible = 0;
			defaultConfigurationName = Release;
		};
		D746792F2A442F0C009C712B /* Build configuration list for PBXNativeTarget "MC2-United-HandsTests" */ = {
			isa = XCConfigurationList;
			buildConfigurations = (
				D74679302A442F0C009C712B /* Debug */,
				D74679312A442F0C009C712B /* Release */,
			);
			defaultConfigurationIsVisible = 0;
			defaultConfigurationName = Release;
		};
		D74679322A442F0C009C712B /* Build configuration list for PBXNativeTarget "MC2-United-HandsUITests" */ = {
			isa = XCConfigurationList;
			buildConfigurations = (
				D74679332A442F0C009C712B /* Debug */,
				D74679342A442F0C009C712B /* Release */,
			);
			defaultConfigurationIsVisible = 0;
			defaultConfigurationName = Release;
		};
/* End XCConfigurationList section */

/* Begin XCVersionGroup section */
		D70475A22A46ED9400BAC7F1 /* CoreDataModel.xcdatamodeld */ = {
			isa = XCVersionGroup;
			children = (
				D70475A32A46ED9400BAC7F1 /* CoreDataModel.xcdatamodel */,
			);
			currentVersion = D70475A32A46ED9400BAC7F1 /* CoreDataModel.xcdatamodel */;
			path = CoreDataModel.xcdatamodeld;
			sourceTree = "<group>";
			versionGroupType = wrapper.xcdatamodel;
		};
/* End XCVersionGroup section */
	};
	rootObject = D74679002A442F0B009C712B /* Project object */;
}
